// !$*UTF8*$!
{
	archiveVersion = 1;
	classes = {
	};
	objectVersion = 46;
	objects = {

/* Begin PBXBuildFile section */
		C303225A15AEE1AC00E8BED7 /* UIKit.framework in Frameworks */ = {isa = PBXBuildFile; fileRef = C303225915AEE1AC00E8BED7 /* UIKit.framework */; };
		C303225C15AEE1AC00E8BED7 /* Foundation.framework in Frameworks */ = {isa = PBXBuildFile; fileRef = C303225B15AEE1AC00E8BED7 /* Foundation.framework */; };
		C303225E15AEE1AC00E8BED7 /* CoreGraphics.framework in Frameworks */ = {isa = PBXBuildFile; fileRef = C303225D15AEE1AC00E8BED7 /* CoreGraphics.framework */; };
		C303226415AEE1AC00E8BED7 /* InfoPlist.strings in Resources */ = {isa = PBXBuildFile; fileRef = C303226215AEE1AC00E8BED7 /* InfoPlist.strings */; };
		C303226615AEE1AC00E8BED7 /* main.m in Sources */ = {isa = PBXBuildFile; fileRef = C303226515AEE1AC00E8BED7 /* main.m */; };
		C303226A15AEE1AC00E8BED7 /* YTOAppDelegate.m in Sources */ = {isa = PBXBuildFile; fileRef = C303226915AEE1AC00E8BED7 /* YTOAppDelegate.m */; };
		C303226D15AEE1AC00E8BED7 /* YTOAsigurariViewController.m in Sources */ = {isa = PBXBuildFile; fileRef = C303226C15AEE1AC00E8BED7 /* YTOAsigurariViewController.m */; };
		C303226F15AEE1AC00E8BED7 /* first.png in Resources */ = {isa = PBXBuildFile; fileRef = C303226E15AEE1AC00E8BED7 /* first.png */; };
		C303227115AEE1AC00E8BED7 /* first@2x.png in Resources */ = {isa = PBXBuildFile; fileRef = C303227015AEE1AC00E8BED7 /* first@2x.png */; };
		C303227415AEE1AC00E8BED7 /* YTOAlerteViewController.m in Sources */ = {isa = PBXBuildFile; fileRef = C303227315AEE1AC00E8BED7 /* YTOAlerteViewController.m */; };
		C303227615AEE1AC00E8BED7 /* second.png in Resources */ = {isa = PBXBuildFile; fileRef = C303227515AEE1AC00E8BED7 /* second.png */; };
		C303227815AEE1AC00E8BED7 /* second@2x.png in Resources */ = {isa = PBXBuildFile; fileRef = C303227715AEE1AC00E8BED7 /* second@2x.png */; };
		C303227B15AEE1AC00E8BED7 /* YTOAsigurariViewController.xib in Resources */ = {isa = PBXBuildFile; fileRef = C303227915AEE1AC00E8BED7 /* YTOAsigurariViewController.xib */; };
		C303227E15AEE1AC00E8BED7 /* YTOAlerteViewController.xib in Resources */ = {isa = PBXBuildFile; fileRef = C303227C15AEE1AC00E8BED7 /* YTOAlerteViewController.xib */; };
		C303228715AEE21F00E8BED7 /* logo.png in Resources */ = {isa = PBXBuildFile; fileRef = C303228515AEE21F00E8BED7 /* logo.png */; };
		C303228815AEE21F00E8BED7 /* logo@2x.png in Resources */ = {isa = PBXBuildFile; fileRef = C303228615AEE21F00E8BED7 /* logo@2x.png */; };
		C303229C15AEE49800E8BED7 /* YTORCAViewController.m in Sources */ = {isa = PBXBuildFile; fileRef = C303229A15AEE49800E8BED7 /* YTORCAViewController.m */; };
		C303229D15AEE49800E8BED7 /* YTORCAViewController.xib in Resources */ = {isa = PBXBuildFile; fileRef = C303229B15AEE49800E8BED7 /* YTORCAViewController.xib */; };
		C34C627715AF0469003D88DE /* YTOCalculatorViewController.m in Sources */ = {isa = PBXBuildFile; fileRef = C34C627515AF0469003D88DE /* YTOCalculatorViewController.m */; };
		C34C627815AF0469003D88DE /* YTOCalculatorViewController.xib in Resources */ = {isa = PBXBuildFile; fileRef = C34C627615AF0469003D88DE /* YTOCalculatorViewController.xib */; };
/* End PBXBuildFile section */

/* Begin PBXFileReference section */
		C303225515AEE1AC00E8BED7 /* i-asigurare.app */ = {isa = PBXFileReference; explicitFileType = wrapper.application; includeInIndex = 0; path = "i-asigurare.app"; sourceTree = BUILT_PRODUCTS_DIR; };
		C303225915AEE1AC00E8BED7 /* UIKit.framework */ = {isa = PBXFileReference; lastKnownFileType = wrapper.framework; name = UIKit.framework; path = System/Library/Frameworks/UIKit.framework; sourceTree = SDKROOT; };
		C303225B15AEE1AC00E8BED7 /* Foundation.framework */ = {isa = PBXFileReference; lastKnownFileType = wrapper.framework; name = Foundation.framework; path = System/Library/Frameworks/Foundation.framework; sourceTree = SDKROOT; };
		C303225D15AEE1AC00E8BED7 /* CoreGraphics.framework */ = {isa = PBXFileReference; lastKnownFileType = wrapper.framework; name = CoreGraphics.framework; path = System/Library/Frameworks/CoreGraphics.framework; sourceTree = SDKROOT; };
		C303226115AEE1AC00E8BED7 /* i-asigurare-Info.plist */ = {isa = PBXFileReference; lastKnownFileType = text.plist.xml; path = "i-asigurare-Info.plist"; sourceTree = "<group>"; };
		C303226315AEE1AC00E8BED7 /* en */ = {isa = PBXFileReference; lastKnownFileType = text.plist.strings; name = en; path = en.lproj/InfoPlist.strings; sourceTree = "<group>"; };
		C303226515AEE1AC00E8BED7 /* main.m */ = {isa = PBXFileReference; lastKnownFileType = sourcecode.c.objc; path = main.m; sourceTree = "<group>"; };
		C303226715AEE1AC00E8BED7 /* i-asigurare-Prefix.pch */ = {isa = PBXFileReference; lastKnownFileType = sourcecode.c.h; path = "i-asigurare-Prefix.pch"; sourceTree = "<group>"; };
		C303226815AEE1AC00E8BED7 /* YTOAppDelegate.h */ = {isa = PBXFileReference; lastKnownFileType = sourcecode.c.h; path = YTOAppDelegate.h; sourceTree = "<group>"; };
		C303226915AEE1AC00E8BED7 /* YTOAppDelegate.m */ = {isa = PBXFileReference; lastKnownFileType = sourcecode.c.objc; path = YTOAppDelegate.m; sourceTree = "<group>"; };
		C303226B15AEE1AC00E8BED7 /* YTOAsigurariViewController.h */ = {isa = PBXFileReference; path = YTOAsigurariViewController.h; sourceTree = "<group>"; };
		C303226C15AEE1AC00E8BED7 /* YTOAsigurariViewController.m */ = {isa = PBXFileReference; lastKnownFileType = sourcecode.c.objc; path = YTOAsigurariViewController.m; sourceTree = "<group>"; };
		C303226E15AEE1AC00E8BED7 /* first.png */ = {isa = PBXFileReference; lastKnownFileType = image.png; path = first.png; sourceTree = "<group>"; };
		C303227015AEE1AC00E8BED7 /* first@2x.png */ = {isa = PBXFileReference; lastKnownFileType = image.png; path = "first@2x.png"; sourceTree = "<group>"; };
		C303227215AEE1AC00E8BED7 /* YTOAlerteViewController.h */ = {isa = PBXFileReference; lastKnownFileType = sourcecode.c.h; path = YTOAlerteViewController.h; sourceTree = "<group>"; };
		C303227315AEE1AC00E8BED7 /* YTOAlerteViewController.m */ = {isa = PBXFileReference; lastKnownFileType = sourcecode.c.objc; path = YTOAlerteViewController.m; sourceTree = "<group>"; };
		C303227515AEE1AC00E8BED7 /* second.png */ = {isa = PBXFileReference; lastKnownFileType = image.png; path = second.png; sourceTree = "<group>"; };
		C303227715AEE1AC00E8BED7 /* second@2x.png */ = {isa = PBXFileReference; lastKnownFileType = image.png; path = "second@2x.png"; sourceTree = "<group>"; };
		C303227A15AEE1AC00E8BED7 /* en */ = {isa = PBXFileReference; lastKnownFileType = file.xib; name = en; path = en.lproj/YTOAsigurariViewController.xib; sourceTree = "<group>"; };
		C303227D15AEE1AC00E8BED7 /* en */ = {isa = PBXFileReference; lastKnownFileType = file.xib; name = en; path = en.lproj/YTOAlerteViewController.xib; sourceTree = "<group>"; };
		C303228515AEE21F00E8BED7 /* logo.png */ = {isa = PBXFileReference; lastKnownFileType = image.png; path = logo.png; sourceTree = "<group>"; };
		C303228615AEE21F00E8BED7 /* logo@2x.png */ = {isa = PBXFileReference; lastKnownFileType = image.png; path = "logo@2x.png"; sourceTree = "<group>"; };
		C303229915AEE49800E8BED7 /* YTORCAViewController.h */ = {isa = PBXFileReference; fileEncoding = 4; lastKnownFileType = sourcecode.c.h; name = YTORCAViewController.h; path = RCA/YTORCAViewController.h; sourceTree = "<group>"; };
		C303229A15AEE49800E8BED7 /* YTORCAViewController.m */ = {isa = PBXFileReference; fileEncoding = 4; lastKnownFileType = sourcecode.c.objc; name = YTORCAViewController.m; path = RCA/YTORCAViewController.m; sourceTree = "<group>"; };
		C303229B15AEE49800E8BED7 /* YTORCAViewController.xib */ = {isa = PBXFileReference; fileEncoding = 4; lastKnownFileType = file.xib; name = YTORCAViewController.xib; path = RCA/YTORCAViewController.xib; sourceTree = "<group>"; };
		C34C627415AF0469003D88DE /* YTOCalculatorViewController.h */ = {isa = PBXFileReference; fileEncoding = 4; lastKnownFileType = sourcecode.c.h; path = YTOCalculatorViewController.h; sourceTree = "<group>"; };
		C34C627515AF0469003D88DE /* YTOCalculatorViewController.m */ = {isa = PBXFileReference; fileEncoding = 4; lastKnownFileType = sourcecode.c.objc; path = YTOCalculatorViewController.m; sourceTree = "<group>"; };
		C34C627615AF0469003D88DE /* YTOCalculatorViewController.xib */ = {isa = PBXFileReference; fileEncoding = 4; lastKnownFileType = file.xib; path = YTOCalculatorViewController.xib; sourceTree = "<group>"; };
/* End PBXFileReference section */

/* Begin PBXFrameworksBuildPhase section */
		C303225215AEE1AC00E8BED7 /* Frameworks */ = {
			isa = PBXFrameworksBuildPhase;
			buildActionMask = 2147483647;
			files = (
				C303225A15AEE1AC00E8BED7 /* UIKit.framework in Frameworks */,
				C303225C15AEE1AC00E8BED7 /* Foundation.framework in Frameworks */,
				C303225E15AEE1AC00E8BED7 /* CoreGraphics.framework in Frameworks */,
			);
			runOnlyForDeploymentPostprocessing = 0;
		};
/* End PBXFrameworksBuildPhase section */

/* Begin PBXGroup section */
		C303224A15AEE1AC00E8BED7 = {
			isa = PBXGroup;
			children = (
				C303225F15AEE1AC00E8BED7 /* i-asigurare */,
				C303225815AEE1AC00E8BED7 /* Frameworks */,
				C303225615AEE1AC00E8BED7 /* Products */,
			);
			sourceTree = "<group>";
		};
		C303225615AEE1AC00E8BED7 /* Products */ = {
			isa = PBXGroup;
			children = (
				C303225515AEE1AC00E8BED7 /* i-asigurare.app */,
			);
			name = Products;
			sourceTree = "<group>";
		};
		C303225815AEE1AC00E8BED7 /* Frameworks */ = {
			isa = PBXGroup;
			children = (
				C303225915AEE1AC00E8BED7 /* UIKit.framework */,
				C303225B15AEE1AC00E8BED7 /* Foundation.framework */,
				C303225D15AEE1AC00E8BED7 /* CoreGraphics.framework */,
			);
			name = Frameworks;
			sourceTree = "<group>";
		};
		C303225F15AEE1AC00E8BED7 /* i-asigurare */ = {
			isa = PBXGroup;
			children = (
				C303229815AEE39800E8BED7 /* RCA */,
				C303226815AEE1AC00E8BED7 /* YTOAppDelegate.h */,
				C303226915AEE1AC00E8BED7 /* YTOAppDelegate.m */,
				C303226B15AEE1AC00E8BED7 /* YTOAsigurariViewController.h */,
				C303226C15AEE1AC00E8BED7 /* YTOAsigurariViewController.m */,
				C303226E15AEE1AC00E8BED7 /* first.png */,
				C303227015AEE1AC00E8BED7 /* first@2x.png */,
				C303227215AEE1AC00E8BED7 /* YTOAlerteViewController.h */,
				C303227315AEE1AC00E8BED7 /* YTOAlerteViewController.m */,
				C303227515AEE1AC00E8BED7 /* second.png */,
				C303227715AEE1AC00E8BED7 /* second@2x.png */,
				C303227915AEE1AC00E8BED7 /* YTOAsigurariViewController.xib */,
				C303227C15AEE1AC00E8BED7 /* YTOAlerteViewController.xib */,
				C303228415AEE21400E8BED7 /* images */,
				C303226015AEE1AC00E8BED7 /* Supporting Files */,
			);
			path = "i-asigurare";
			sourceTree = "<group>";
		};
		C303226015AEE1AC00E8BED7 /* Supporting Files */ = {
			isa = PBXGroup;
			children = (
				C303226115AEE1AC00E8BED7 /* i-asigurare-Info.plist */,
				C303226215AEE1AC00E8BED7 /* InfoPlist.strings */,
				C303226515AEE1AC00E8BED7 /* main.m */,
				C303226715AEE1AC00E8BED7 /* i-asigurare-Prefix.pch */,
			);
			name = "Supporting Files";
			sourceTree = "<group>";
		};
		C303228415AEE21400E8BED7 /* images */ = {
			isa = PBXGroup;
			children = (
				C303228515AEE21F00E8BED7 /* logo.png */,
				C303228615AEE21F00E8BED7 /* logo@2x.png */,
			);
			name = images;
			sourceTree = "<group>";
		};
		C303229815AEE39800E8BED7 /* RCA */ = {
			isa = PBXGroup;
			children = (
				C303229915AEE49800E8BED7 /* YTORCAViewController.h */,
				C303229A15AEE49800E8BED7 /* YTORCAViewController.m */,
				C303229B15AEE49800E8BED7 /* YTORCAViewController.xib */,
				C34C627415AF0469003D88DE /* YTOCalculatorViewController.h */,
				C34C627515AF0469003D88DE /* YTOCalculatorViewController.m */,
				C34C627615AF0469003D88DE /* YTOCalculatorViewController.xib */,
			);
			name = RCA;
			sourceTree = "<group>";
		};
/* End PBXGroup section */

/* Begin PBXNativeTarget section */
		C303225415AEE1AC00E8BED7 /* i-asigurare */ = {
			isa = PBXNativeTarget;
			buildConfigurationList = C303228115AEE1AC00E8BED7 /* Build configuration list for PBXNativeTarget "i-asigurare" */;
			buildPhases = (
				C303225115AEE1AC00E8BED7 /* Sources */,
				C303225215AEE1AC00E8BED7 /* Frameworks */,
				C303225315AEE1AC00E8BED7 /* Resources */,
			);
			buildRules = (
			);
			dependencies = (
			);
			name = "i-asigurare";
			productName = "i-asigurare";
			productReference = C303225515AEE1AC00E8BED7 /* i-asigurare.app */;
			productType = "com.apple.product-type.application";
		};
/* End PBXNativeTarget section */

/* Begin PBXProject section */
		C303224C15AEE1AC00E8BED7 /* Project object */ = {
			isa = PBXProject;
			attributes = {
				CLASSPREFIX = YTO;
				LastUpgradeCheck = 0430;
			};
			buildConfigurationList = C303224F15AEE1AC00E8BED7 /* Build configuration list for PBXProject "i-asigurare" */;
			compatibilityVersion = "Xcode 3.2";
			developmentRegion = English;
			hasScannedForEncodings = 0;
			knownRegions = (
				en,
			);
			mainGroup = C303224A15AEE1AC00E8BED7;
			productRefGroup = C303225615AEE1AC00E8BED7 /* Products */;
			projectDirPath = "";
			projectRoot = "";
			targets = (
				C303225415AEE1AC00E8BED7 /* i-asigurare */,
			);
		};
/* End PBXProject section */

/* Begin PBXResourcesBuildPhase section */
		C303225315AEE1AC00E8BED7 /* Resources */ = {
			isa = PBXResourcesBuildPhase;
			buildActionMask = 2147483647;
			files = (
				C303226415AEE1AC00E8BED7 /* InfoPlist.strings in Resources */,
				C303226F15AEE1AC00E8BED7 /* first.png in Resources */,
				C303227115AEE1AC00E8BED7 /* first@2x.png in Resources */,
				C303227615AEE1AC00E8BED7 /* second.png in Resources */,
				C303227815AEE1AC00E8BED7 /* second@2x.png in Resources */,
				C303227B15AEE1AC00E8BED7 /* YTOAsigurariViewController.xib in Resources */,
				C303227E15AEE1AC00E8BED7 /* YTOAlerteViewController.xib in Resources */,
				C303228715AEE21F00E8BED7 /* logo.png in Resources */,
				C303228815AEE21F00E8BED7 /* logo@2x.png in Resources */,
				C303229D15AEE49800E8BED7 /* YTORCAViewController.xib in Resources */,
				C34C627815AF0469003D88DE /* YTOCalculatorViewController.xib in Resources */,
			);
			runOnlyForDeploymentPostprocessing = 0;
		};
/* End PBXResourcesBuildPhase section */

/* Begin PBXSourcesBuildPhase section */
		C303225115AEE1AC00E8BED7 /* Sources */ = {
			isa = PBXSourcesBuildPhase;
			buildActionMask = 2147483647;
			files = (
				C303226615AEE1AC00E8BED7 /* main.m in Sources */,
				C303226A15AEE1AC00E8BED7 /* YTOAppDelegate.m in Sources */,
				C303226D15AEE1AC00E8BED7 /* YTOAsigurariViewController.m in Sources */,
				C303227415AEE1AC00E8BED7 /* YTOAlerteViewController.m in Sources */,
				C303229C15AEE49800E8BED7 /* YTORCAViewController.m in Sources */,
				C34C627715AF0469003D88DE /* YTOCalculatorViewController.m in Sources */,
			);
			runOnlyForDeploymentPostprocessing = 0;
		};
/* End PBXSourcesBuildPhase section */

/* Begin PBXVariantGroup section */
		C303226215AEE1AC00E8BED7 /* InfoPlist.strings */ = {
			isa = PBXVariantGroup;
			children = (
				C303226315AEE1AC00E8BED7 /* en */,
			);
			name = InfoPlist.strings;
			sourceTree = "<group>";
		};
		C303227915AEE1AC00E8BED7 /* YTOAsigurariViewController.xib */ = {
			isa = PBXVariantGroup;
			children = (
				C303227A15AEE1AC00E8BED7 /* en */,
			);
			name = YTOAsigurariViewController.xib;
			sourceTree = "<group>";
		};
		C303227C15AEE1AC00E8BED7 /* YTOAlerteViewController.xib */ = {
			isa = PBXVariantGroup;
			children = (
				C303227D15AEE1AC00E8BED7 /* en */,
			);
			name = YTOAlerteViewController.xib;
			sourceTree = "<group>";
		};
/* End PBXVariantGroup section */

/* Begin XCBuildConfiguration section */
		C303227F15AEE1AC00E8BED7 /* Debug */ = {
			isa = XCBuildConfiguration;
			buildSettings = {
				ALWAYS_SEARCH_USER_PATHS = NO;
				ARCHS = "$(ARCHS_STANDARD_32_BIT)";
				CLANG_ENABLE_OBJC_ARC = YES;
				"CODE_SIGN_IDENTITY[sdk=iphoneos*]" = "iPhone Developer";
				COPY_PHASE_STRIP = NO;
				GCC_C_LANGUAGE_STANDARD = gnu99;
				GCC_DYNAMIC_NO_PIC = NO;
				GCC_OPTIMIZATION_LEVEL = 0;
				GCC_PREPROCESSOR_DEFINITIONS = (
					"DEBUG=1",
					"$(inherited)",
				);
				GCC_SYMBOLS_PRIVATE_EXTERN = NO;
				GCC_VERSION = com.apple.compilers.llvm.clang.1_0;
				GCC_WARN_ABOUT_RETURN_TYPE = YES;
				GCC_WARN_UNINITIALIZED_AUTOS = YES;
				GCC_WARN_UNUSED_VARIABLE = YES;
				IPHONEOS_DEPLOYMENT_TARGET = 5.1;
				SDKROOT = iphoneos;
			};
			name = Debug;
		};
		C303228015AEE1AC00E8BED7 /* Release */ = {
			isa = XCBuildConfiguration;
			buildSettings = {
				ALWAYS_SEARCH_USER_PATHS = NO;
				ARCHS = "$(ARCHS_STANDARD_32_BIT)";
				CLANG_ENABLE_OBJC_ARC = YES;
				"CODE_SIGN_IDENTITY[sdk=iphoneos*]" = "iPhone Developer";
				COPY_PHASE_STRIP = YES;
				GCC_C_LANGUAGE_STANDARD = gnu99;
				GCC_VERSION = com.apple.compilers.llvm.clang.1_0;
				GCC_WARN_ABOUT_RETURN_TYPE = YES;
				GCC_WARN_UNINITIALIZED_AUTOS = YES;
				GCC_WARN_UNUSED_VARIABLE = YES;
				IPHONEOS_DEPLOYMENT_TARGET = 5.1;
				OTHER_CFLAGS = "-DNS_BLOCK_ASSERTIONS=1";
				SDKROOT = iphoneos;
				VALIDATE_PRODUCT = YES;
			};
			name = Release;
		};
		C303228215AEE1AC00E8BED7 /* Debug */ = {
			isa = XCBuildConfiguration;
			buildSettings = {
				GCC_PRECOMPILE_PREFIX_HEADER = YES;
				GCC_PREFIX_HEADER = "i-asigurare/i-asigurare-Prefix.pch";
				INFOPLIST_FILE = "i-asigurare/i-asigurare-Info.plist";
				IPHONEOS_DEPLOYMENT_TARGET = 4.2;
				PRODUCT_NAME = "$(TARGET_NAME)";
				WRAPPER_EXTENSION = app;
			};
			name = Debug;
		};
		C303228315AEE1AC00E8BED7 /* Release */ = {
			isa = XCBuildConfiguration;
			buildSettings = {
				GCC_PRECOMPILE_PREFIX_HEADER = YES;
				GCC_PREFIX_HEADER = "i-asigurare/i-asigurare-Prefix.pch";
				INFOPLIST_FILE = "i-asigurare/i-asigurare-Info.plist";
				IPHONEOS_DEPLOYMENT_TARGET = 4.2;
				PRODUCT_NAME = "$(TARGET_NAME)";
				WRAPPER_EXTENSION = app;
			};
			name = Release;
		};
/* End XCBuildConfiguration section */

/* Begin XCConfigurationList section */
		C303224F15AEE1AC00E8BED7 /* Build configuration list for PBXProject "i-asigurare" */ = {
			isa = XCConfigurationList;
			buildConfigurations = (
				C303227F15AEE1AC00E8BED7 /* Debug */,
				C303228015AEE1AC00E8BED7 /* Release */,
			);
			defaultConfigurationIsVisible = 0;
			defaultConfigurationName = Release;
		};
		C303228115AEE1AC00E8BED7 /* Build configuration list for PBXNativeTarget "i-asigurare" */ = {
			isa = XCConfigurationList;
			buildConfigurations = (
				C303228215AEE1AC00E8BED7 /* Debug */,
				C303228315AEE1AC00E8BED7 /* Release */,
			);
			defaultConfigurationIsVisible = 0;
			defaultConfigurationName = Release;
		};
/* End XCConfigurationList section */
	};
	rootObject = C303224C15AEE1AC00E8BED7 /* Project object */;
}
